
Microsoft Visual Studio Solution File, Format Version 12.00
# Visual Studio Version 16
VisualStudioVersion = 16.0.32106.194
MinimumVisualStudioVersion = 10.0.40219.1
Project("{FAE04EC0-301F-11D3-BF4B-00C04F79EFBC}") = "DDD2.WinForm", "DDD2.WinForm\DDD2.WinForm.csproj", "{1A9620CA-969B-4F69-897C-2535BCE3DC19}"
EndProject
Project("{FAE04EC0-301F-11D3-BF4B-00C04F79EFBC}") = "DDD2Test.Tests", "DDD2Test.Tests\DDD2Test.Tests.csproj", "{C970FDD7-7264-4145-9D3B-FF128F30C5AB}"
EndProject
Global
	GlobalSection(SolutionConfigurationPlatforms) = preSolution
		Debug|Any CPU = Debug|Any CPU
		Release|Any CPU = Release|Any CPU
	EndGlobalSection
	GlobalSection(ProjectConfigurationPlatforms) = postSolution
		{1A9620CA-969B-4F69-897C-2535BCE3DC19}.Debug|Any CPU.ActiveCfg = Debug|Any CPU
		{1A9620CA-969B-4F69-897C-2535BCE3DC19}.Debug|Any CPU.Build.0 = Debug|Any CPU
		{1A9620CA-969B-4F69-897C-2535BCE3DC19}.Release|Any CPU.ActiveCfg = Release|Any CPU
		{1A9620CA-969B-4F69-897C-2535BCE3DC19}.Release|Any CPU.Build.0 = Release|Any CPU
		{C970FDD7-7264-4145-9D3B-FF128F30C5AB}.Debug|Any CPU.ActiveCfg = Debug|Any CPU
		{C970FDD7-7264-4145-9D3B-FF128F30C5AB}.Debug|Any CPU.Build.0 = Debug|Any CPU
		{C970FDD7-7264-4145-9D3B-FF128F30C5AB}.Release|Any CPU.ActiveCfg = Release|Any CPU
		{C970FDD7-7264-4145-9D3B-FF128F30C5AB}.Release|Any CPU.Build.0 = Release|Any CPU
	EndGlobalSection
	GlobalSection(SolutionProperties) = preSolution
		HideSolutionNode = FALSE
	EndGlobalSection
	GlobalSection(ExtensibilityGlobals) = postSolution
		SolutionGuid = {DC1B6478-30B7-4EA6-BE42-C908DD5BFAD3}
	EndGlobalSection
EndGlobal
